
Microsoft Visual Studio Solution File, Format Version 12.00
# Visual Studio Version 17
VisualStudioVersion = 17.9.34607.119
MinimumVisualStudioVersion = 10.0.40219.1
Project("{FAE04EC0-301F-11D3-BF4B-00C04F79EFBC}") = "Notatnik", "Notatnik.csproj", "{D22BC872-2E1F-43D1-82FF-CA935EF1E2C2}"
EndProject
Global
	GlobalSection(SolutionConfigurationPlatforms) = preSolution
		Debug|Any CPU = Debug|Any CPU
		Release|Any CPU = Release|Any CPU
	EndGlobalSection
	GlobalSection(ProjectConfigurationPlatforms) = postSolution
		{D22BC872-2E1F-43D1-82FF-CA935EF1E2C2}.Debug|Any CPU.ActiveCfg = Debug|Any CPU
		{D22BC872-2E1F-43D1-82FF-CA935EF1E2C2}.Debug|Any CPU.Build.0 = Debug|Any CPU
		{D22BC872-2E1F-43D1-82FF-CA935EF1E2C2}.Release|Any CPU.ActiveCfg = Release|Any CPU
		{D22BC872-2E1F-43D1-82FF-CA935EF1E2C2}.Release|Any CPU.Build.0 = Release|Any CPU
	EndGlobalSection
	GlobalSection(SolutionProperties) = preSolution
		HideSolutionNode = FALSE
	EndGlobalSection
	GlobalSection(ExtensibilityGlobals) = postSolution
		SolutionGuid = {D1043EA8-2FE5-4549-BA8C-6FF4769FC08B}
	EndGlobalSection
EndGlobal
